
Microsoft Visual Studio Solution File, Format Version 12.00
# Visual Studio Version 18
VisualStudioVersion = 18.4.11626.88
MinimumVisualStudioVersion = 10.0.40219.1
Project("{FAE04EC0-301F-11D3-BF4B-00C04F79EFBC}") = "OLD_PocketKnifeCore", "OLD_PocketKnifeCore\OLD_PocketKnifeCore.csproj", "{2AD3BE86-3A03-42FF-AFEA-0CCE231B57B2}"
EndProject
Project("{FAE04EC0-301F-11D3-BF4B-00C04F79EFBC}") = "OLD_PKTests", "OLD_PKTests\OLD_PKTests.csproj", "{C36310E9-D2BF-4E0B-8DF8-6C8ABF088035}"
EndProject
Project("{FAE04EC0-301F-11D3-BF4B-00C04F79EFBC}") = "PocketknifeCompiler", "PocketknifeCompiler\PocketknifeCompiler.csproj", "{20992EB3-E71C-4EF2-B66C-19C524AF162A}"
EndProject
Project("{FAE04EC0-301F-11D3-BF4B-00C04F79EFBC}") = "PocketknifeCompiler.Tests", "PocketknifeCompiler.Tests\PocketknifeCompiler.Tests.csproj", "{2CA93DF5-2E09-4A2F-B0AC-0B888829FE4D}"
EndProject
Global
	GlobalSection(SolutionConfigurationPlatforms) = preSolution
		Debug|Any CPU = Debug|Any CPU
		Debug|ARM64 = Debug|ARM64
		Debug|x64 = Debug|x64
		Debug|x86 = Debug|x86
		Release|Any CPU = Release|Any CPU
		Release|ARM64 = Release|ARM64
		Release|x64 = Release|x64
		Release|x86 = Release|x86
	EndGlobalSection
	GlobalSection(ProjectConfigurationPlatforms) = postSolution
		{2AD3BE86-3A03-42FF-AFEA-0CCE231B57B2}.Debug|Any CPU.ActiveCfg = Debug|Any CPU
		{2AD3BE86-3A03-42FF-AFEA-0CCE231B57B2}.Debug|Any CPU.Build.0 = Debug|Any CPU
		{2AD3BE86-3A03-42FF-AFEA-0CCE231B57B2}.Debug|ARM64.ActiveCfg = Debug|Any CPU
		{2AD3BE86-3A03-42FF-AFEA-0CCE231B57B2}.Debug|ARM64.Build.0 = Debug|Any CPU
		{2AD3BE86-3A03-42FF-AFEA-0CCE231B57B2}.Debug|x64.ActiveCfg = Debug|Any CPU
		{2AD3BE86-3A03-42FF-AFEA-0CCE231B57B2}.Debug|x64.Build.0 = Debug|Any CPU
		{2AD3BE86-3A03-42FF-AFEA-0CCE231B57B2}.Debug|x86.ActiveCfg = Debug|Any CPU
		{2AD3BE86-3A03-42FF-AFEA-0CCE231B57B2}.Debug|x86.Build.0 = Debug|Any CPU
		{2AD3BE86-3A03-42FF-AFEA-0CCE231B57B2}.Release|Any CPU.ActiveCfg = Release|Any CPU
		{2AD3BE86-3A03-42FF-AFEA-0CCE231B57B2}.Release|Any CPU.Build.0 = Release|Any CPU
		{2AD3BE86-3A03-42FF-AFEA-0CCE231B57B2}.Release|ARM64.ActiveCfg = Release|Any CPU
		{2AD3BE86-3A03-42FF-AFEA-0CCE231B57B2}.Release|ARM64.Build.0 = Release|Any CPU
		{2AD3BE86-3A03-42FF-AFEA-0CCE231B57B2}.Release|x64.ActiveCfg = Release|Any CPU
		{2AD3BE86-3A03-42FF-AFEA-0CCE231B57B2}.Release|x64.Build.0 = Release|Any CPU
		{2AD3BE86-3A03-42FF-AFEA-0CCE231B57B2}.Release|x86.ActiveCfg = Release|Any CPU
		{2AD3BE86-3A03-42FF-AFEA-0CCE231B57B2}.Release|x86.Build.0 = Release|Any CPU
		{C36310E9-D2BF-4E0B-8DF8-6C8ABF088035}.Debug|Any CPU.ActiveCfg = Debug|Any CPU
		{C36310E9-D2BF-4E0B-8DF8-6C8ABF088035}.Debug|Any CPU.Build.0 = Debug|Any CPU
		{C36310E9-D2BF-4E0B-8DF8-6C8ABF088035}.Debug|ARM64.ActiveCfg = Debug|Any CPU
		{C36310E9-D2BF-4E0B-8DF8-6C8ABF088035}.Debug|ARM64.Build.0 = Debug|Any CPU
		{C36310E9-D2BF-4E0B-8DF8-6C8ABF088035}.Debug|x64.ActiveCfg = Debug|Any CPU
		{C36310E9-D2BF-4E0B-8DF8-6C8ABF088035}.Debug|x64.Build.0 = Debug|Any CPU
		{C36310E9-D2BF-4E0B-8DF8-6C8ABF088035}.Debug|x86.ActiveCfg = Debug|Any CPU
		{C36310E9-D2BF-4E0B-8DF8-6C8ABF088035}.Debug|x86.Build.0 = Debug|Any CPU
		{C36310E9-D2BF-4E0B-8DF8-6C8ABF088035}.Release|Any CPU.ActiveCfg = Release|Any CPU
		{C36310E9-D2BF-4E0B-8DF8-6C8ABF088035}.Release|ARM64.ActiveCfg = Release|Any CPU
		{C36310E9-D2BF-4E0B-8DF8-6C8ABF088035}.Release|ARM64.Build.0 = Release|Any CPU
		{C36310E9-D2BF-4E0B-8DF8-6C8ABF088035}.Release|x64.ActiveCfg = Release|Any CPU
		{C36310E9-D2BF-4E0B-8DF8-6C8ABF088035}.Release|x64.Build.0 = Release|Any CPU
		{C36310E9-D2BF-4E0B-8DF8-6C8ABF088035}.Release|x86.ActiveCfg = Release|Any CPU
		{C36310E9-D2BF-4E0B-8DF8-6C8ABF088035}.Release|x86.Build.0 = Release|Any CPU
		{20992EB3-E71C-4EF2-B66C-19C524AF162A}.Debug|Any CPU.ActiveCfg = Debug|Any CPU
		{20992EB3-E71C-4EF2-B66C-19C524AF162A}.Debug|Any CPU.Build.0 = Debug|Any CPU
		{20992EB3-E71C-4EF2-B66C-19C524AF162A}.Debug|ARM64.ActiveCfg = Debug|Any CPU
		{20992EB3-E71C-4EF2-B66C-19C524AF162A}.Debug|ARM64.Build.0 = Debug|Any CPU
		{20992EB3-E71C-4EF2-B66C-19C524AF162A}.Debug|x64.ActiveCfg = Debug|Any CPU
		{20992EB3-E71C-4EF2-B66C-19C524AF162A}.Debug|x64.Build.0 = Debug|Any CPU
		{20992EB3-E71C-4EF2-B66C-19C524AF162A}.Debug|x86.ActiveCfg = Debug|Any CPU
		{20992EB3-E71C-4EF2-B66C-19C524AF162A}.Debug|x86.Build.0 = Debug|Any CPU
		{20992EB3-E71C-4EF2-B66C-19C524AF162A}.Release|Any CPU.ActiveCfg = Release|Any CPU
		{20992EB3-E71C-4EF2-B66C-19C524AF162A}.Release|Any CPU.Build.0 = Release|Any CPU
		{20992EB3-E71C-4EF2-B66C-19C524AF162A}.Release|ARM64.ActiveCfg = Release|Any CPU
		{20992EB3-E71C-4EF2-B66C-19C524AF162A}.Release|ARM64.Build.0 = Release|Any CPU
		{20992EB3-E71C-4EF2-B66C-19C524AF162A}.Release|x64.ActiveCfg = Release|Any CPU
		{20992EB3-E71C-4EF2-B66C-19C524AF162A}.Release|x64.Build.0 = Release|Any CPU
		{20992EB3-E71C-4EF2-B66C-19C524AF162A}.Release|x86.ActiveCfg = Release|Any CPU
		{20992EB3-E71C-4EF2-B66C-19C524AF162A}.Release|x86.Build.0 = Release|Any CPU
		{2CA93DF5-2E09-4A2F-B0AC-0B888829FE4D}.Debug|Any CPU.ActiveCfg = Debug|Any CPU
		{2CA93DF5-2E09-4A2F-B0AC-0B888829FE4D}.Debug|Any CPU.Build.0 = Debug|Any CPU
		{2CA93DF5-2E09-4A2F-B0AC-0B888829FE4D}.Debug|ARM64.ActiveCfg = Debug|Any CPU
		{2CA93DF5-2E09-4A2F-B0AC-0B888829FE4D}.Debug|ARM64.Build.0 = Debug|Any CPU
		{2CA93DF5-2E09-4A2F-B0AC-0B888829FE4D}.Debug|x64.ActiveCfg = Debug|Any CPU
		{2CA93DF5-2E09-4A2F-B0AC-0B888829FE4D}.Debug|x64.Build.0 = Debug|Any CPU
		{2CA93DF5-2E09-4A2F-B0AC-0B888829FE4D}.Debug|x86.ActiveCfg = Debug|Any CPU
		{2CA93DF5-2E09-4A2F-B0AC-0B888829FE4D}.Debug|x86.Build.0 = Debug|Any CPU
		{2CA93DF5-2E09-4A2F-B0AC-0B888829FE4D}.Release|Any CPU.ActiveCfg = Release|Any CPU
		{2CA93DF5-2E09-4A2F-B0AC-0B888829FE4D}.Release|Any CPU.Build.0 = Release|Any CPU
		{2CA93DF5-2E09-4A2F-B0AC-0B888829FE4D}.Release|ARM64.ActiveCfg = Release|Any CPU
		{2CA93DF5-2E09-4A2F-B0AC-0B888829FE4D}.Release|ARM64.Build.0 = Release|Any CPU
		{2CA93DF5-2E09-4A2F-B0AC-0B888829FE4D}.Release|x64.ActiveCfg = Release|Any CPU
		{2CA93DF5-2E09-4A2F-B0AC-0B888829FE4D}.Release|x64.Build.0 = Release|Any CPU
		{2CA93DF5-2E09-4A2F-B0AC-0B888829FE4D}.Release|x86.ActiveCfg = Release|Any CPU
		{2CA93DF5-2E09-4A2F-B0AC-0B888829FE4D}.Release|x86.Build.0 = Release|Any CPU
	EndGlobalSection
	GlobalSection(SolutionProperties) = preSolution
		HideSolutionNode = FALSE
	EndGlobalSection
	GlobalSection(ExtensibilityGlobals) = postSolution
		SolutionGuid = {4EE1AC77-97C6-42C2-96F4-E12B534A759D}
	EndGlobalSection
EndGlobal
